// !$*UTF8*$!
{
	archiveVersion = 1;
	classes = {
	};
	objectVersion = 48;
	objects = {

/* Begin PBXBuildFile section */
		00BCFCD820B4F56C000B7640 /* AppDelegate.m in Sources */ = {isa = PBXBuildFile; fileRef = 00BCFCD720B4F56C000B7640 /* AppDelegate.m */; };
		00BCFCE020B4F56C000B7640 /* Assets.xcassets in Resources */ = {isa = PBXBuildFile; fileRef = 00BCFCDF20B4F56C000B7640 /* Assets.xcassets */; };
		00BCFCE620B4F56C000B7640 /* main.m in Sources */ = {isa = PBXBuildFile; fileRef = 00BCFCE520B4F56C000B7640 /* main.m */; };
		00BCFD1D20B4F5FF000B7640 /* fitpolo701CentralManager.m in Sources */ = {isa = PBXBuildFile; fileRef = 00BCFCF420B4F5FF000B7640 /* fitpolo701CentralManager.m */; };
		00BCFD1E20B4F5FF000B7640 /* fitpolo701Interface+RequestData.m in Sources */ = {isa = PBXBuildFile; fileRef = 00BCFCF820B4F5FF000B7640 /* fitpolo701Interface+RequestData.m */; };
		00BCFD1F20B4F5FF000B7640 /* fitpolo701Interface+Update.m in Sources */ = {isa = PBXBuildFile; fileRef = 00BCFCFA20B4F5FF000B7640 /* fitpolo701Interface+Update.m */; };
		00BCFD2020B4F600000B7640 /* fitpolo701Interface.m in Sources */ = {isa = PBXBuildFile; fileRef = 00BCFCFC20B4F5FF000B7640 /* fitpolo701Interface.m */; };
		00BCFD2120B4F600000B7640 /* fitpolo701LogManager.m in Sources */ = {isa = PBXBuildFile; fileRef = 00BCFCFF20B4F5FF000B7640 /* fitpolo701LogManager.m */; };
		00BCFD2220B4F600000B7640 /* fitpolo701AlarmClockModel.m in Sources */ = {isa = PBXBuildFile; fileRef = 00BCFD0220B4F5FF000B7640 /* fitpolo701AlarmClockModel.m */; };
		00BCFD2320B4F600000B7640 /* fitpolo701AncsModel.m in Sources */ = {isa = PBXBuildFile; fileRef = 00BCFD0420B4F5FF000B7640 /* fitpolo701AncsModel.m */; };
		00BCFD2420B4F600000B7640 /* fitpolo701ScanModel.m in Sources */ = {isa = PBXBuildFile; fileRef = 00BCFD0620B4F5FF000B7640 /* fitpolo701ScanModel.m */; };
		00BCFD2520B4F600000B7640 /* fitpolo701ScreenDisplayModel.m in Sources */ = {isa = PBXBuildFile; fileRef = 00BCFD0820B4F5FF000B7640 /* fitpolo701ScreenDisplayModel.m */; };
		00BCFD2620B4F600000B7640 /* fitpolo701StatusMonitoringManager.m in Sources */ = {isa = PBXBuildFile; fileRef = 00BCFD0B20B4F5FF000B7640 /* fitpolo701StatusMonitoringManager.m */; };
		00BCFD2720B4F600000B7640 /* fitpolo701Parser.m in Sources */ = {isa = PBXBuildFile; fileRef = 00BCFD0E20B4F5FF000B7640 /* fitpolo701Parser.m */; };
		00BCFD2820B4F600000B7640 /* fitpolo701PeripheralManager.m in Sources */ = {isa = PBXBuildFile; fileRef = 00BCFD1120B4F5FF000B7640 /* fitpolo701PeripheralManager.m */; };
		00BCFD2920B4F600000B7640 /* fitpolo701DataParser.m in Sources */ = {isa = PBXBuildFile; fileRef = 00BCFD1420B4F5FF000B7640 /* fitpolo701DataParser.m */; };
		00BCFD2A20B4F600000B7640 /* fitpolo701OperationManager.m in Sources */ = {isa = PBXBuildFile; fileRef = 00BCFD1620B4F5FF000B7640 /* fitpolo701OperationManager.m */; };
		00BCFD2B20B4F600000B7640 /* fitpolo701TaskOperation.m in Sources */ = {isa = PBXBuildFile; fileRef = 00BCFD1920B4F5FF000B7640 /* fitpolo701TaskOperation.m */; };
		00BCFD2C20B4F600000B7640 /* fitpolo701UpgradeManager.m in Sources */ = {isa = PBXBuildFile; fileRef = 00BCFD1C20B4F5FF000B7640 /* fitpolo701UpgradeManager.m */; };
		00BCFD2F20B4F656000B7640 /* HCKMainViewController.m in Sources */ = {isa = PBXBuildFile; fileRef = 00BCFD2E20B4F656000B7640 /* HCKMainViewController.m */; };
		00BCFD3120B50022000B7640 /* BORD_EE_01.bin in Resources */ = {isa = PBXBuildFile; fileRef = 00BCFD3020B50022000B7640 /* BORD_EE_01.bin */; };
/* End PBXBuildFile section */

/* Begin PBXFileReference section */
		00BCFCD320B4F56C000B7640 /* fitpolo701SDKDemo.app */ = {isa = PBXFileReference; explicitFileType = wrapper.application; includeInIndex = 0; path = fitpolo701SDKDemo.app; sourceTree = BUILT_PRODUCTS_DIR; };
		00BCFCD620B4F56C000B7640 /* AppDelegate.h */ = {isa = PBXFileReference; lastKnownFileType = sourcecode.c.h; path = AppDelegate.h; sourceTree = "<group>"; };
		00BCFCD720B4F56C000B7640 /* AppDelegate.m */ = {isa = PBXFileReference; lastKnownFileType = sourcecode.c.objc; path = AppDelegate.m; sourceTree = "<group>"; };
		00BCFCDF20B4F56C000B7640 /* Assets.xcassets */ = {isa = PBXFileReference; lastKnownFileType = folder.assetcatalog; path = Assets.xcassets; sourceTree = "<group>"; };
		00BCFCE420B4F56C000B7640 /* Info.plist */ = {isa = PBXFileReference; lastKnownFileType = text.plist.xml; path = Info.plist; sourceTree = "<group>"; };
		00BCFCE520B4F56C000B7640 /* main.m */ = {isa = PBXFileReference; lastKnownFileType = sourcecode.c.objc; path = main.m; sourceTree = "<group>"; };
		00BCFCEE20B4F5FF000B7640 /* fitpolo701BlockDefine.h */ = {isa = PBXFileReference; fileEncoding = 4; lastKnownFileType = sourcecode.c.h; path = fitpolo701BlockDefine.h; sourceTree = "<group>"; };
		00BCFCEF20B4F5FF000B7640 /* fitpolo701ConstDefines.h */ = {isa = PBXFileReference; fileEncoding = 4; lastKnownFileType = sourcecode.c.h; path = fitpolo701ConstDefines.h; sourceTree = "<group>"; };
		00BCFCF020B4F5FF000B7640 /* fitpolo701Defines.h */ = {isa = PBXFileReference; fileEncoding = 4; lastKnownFileType = sourcecode.c.h; path = fitpolo701Defines.h; sourceTree = "<group>"; };
		00BCFCF120B4F5FF000B7640 /* fitpolo701EnumerateDefine.h */ = {isa = PBXFileReference; fileEncoding = 4; lastKnownFileType = sourcecode.c.h; path = fitpolo701EnumerateDefine.h; sourceTree = "<group>"; };
		00BCFCF220B4F5FF000B7640 /* fitpolo701RegularsDefine.h */ = {isa = PBXFileReference; fileEncoding = 4; lastKnownFileType = sourcecode.c.h; path = fitpolo701RegularsDefine.h; sourceTree = "<group>"; };
		00BCFCF320B4F5FF000B7640 /* fitpolo701CentralManager.h */ = {isa = PBXFileReference; fileEncoding = 4; lastKnownFileType = sourcecode.c.h; path = fitpolo701CentralManager.h; sourceTree = "<group>"; };
		00BCFCF420B4F5FF000B7640 /* fitpolo701CentralManager.m */ = {isa = PBXFileReference; fileEncoding = 4; lastKnownFileType = sourcecode.c.objc; path = fitpolo701CentralManager.m; sourceTree = "<group>"; };
		00BCFCF520B4F5FF000B7640 /* fitpolo701SDK.h */ = {isa = PBXFileReference; fileEncoding = 4; lastKnownFileType = sourcecode.c.h; path = fitpolo701SDK.h; sourceTree = "<group>"; };
		00BCFCF720B4F5FF000B7640 /* fitpolo701Interface+RequestData.h */ = {isa = PBXFileReference; fileEncoding = 4; lastKnownFileType = sourcecode.c.h; path = "fitpolo701Interface+RequestData.h"; sourceTree = "<group>"; };
		00BCFCF820B4F5FF000B7640 /* fitpolo701Interface+RequestData.m */ = {isa = PBXFileReference; fileEncoding = 4; lastKnownFileType = sourcecode.c.objc; path = "fitpolo701Interface+RequestData.m"; sourceTree = "<group>"; };
		00BCFCF920B4F5FF000B7640 /* fitpolo701Interface+Update.h */ = {isa = PBXFileReference; fileEncoding = 4; lastKnownFileType = sourcecode.c.h; path = "fitpolo701Interface+Update.h"; sourceTree = "<group>"; };
		00BCFCFA20B4F5FF000B7640 /* fitpolo701Interface+Update.m */ = {isa = PBXFileReference; fileEncoding = 4; lastKnownFileType = sourcecode.c.objc; path = "fitpolo701Interface+Update.m"; sourceTree = "<group>"; };
		00BCFCFB20B4F5FF000B7640 /* fitpolo701Interface.h */ = {isa = PBXFileReference; fileEncoding = 4; lastKnownFileType = sourcecode.c.h; path = fitpolo701Interface.h; sourceTree = "<group>"; };
		00BCFCFC20B4F5FF000B7640 /* fitpolo701Interface.m */ = {isa = PBXFileReference; fileEncoding = 4; lastKnownFileType = sourcecode.c.objc; path = fitpolo701Interface.m; sourceTree = "<group>"; };
		00BCFCFE20B4F5FF000B7640 /* fitpolo701LogManager.h */ = {isa = PBXFileReference; fileEncoding = 4; lastKnownFileType = sourcecode.c.h; path = fitpolo701LogManager.h; sourceTree = "<group>"; };
		00BCFCFF20B4F5FF000B7640 /* fitpolo701LogManager.m */ = {isa = PBXFileReference; fileEncoding = 4; lastKnownFileType = sourcecode.c.objc; path = fitpolo701LogManager.m; sourceTree = "<group>"; };
		00BCFD0120B4F5FF000B7640 /* fitpolo701AlarmClockModel.h */ = {isa = PBXFileReference; fileEncoding = 4; lastKnownFileType = sourcecode.c.h; path = fitpolo701AlarmClockModel.h; sourceTree = "<group>"; };
		00BCFD0220B4F5FF000B7640 /* fitpolo701AlarmClockModel.m */ = {isa = PBXFileReference; fileEncoding = 4; lastKnownFileType = sourcecode.c.objc; path = fitpolo701AlarmClockModel.m; sourceTree = "<group>"; };
		00BCFD0320B4F5FF000B7640 /* fitpolo701AncsModel.h */ = {isa = PBXFileReference; fileEncoding = 4; lastKnownFileType = sourcecode.c.h; path = fitpolo701AncsModel.h; sourceTree = "<group>"; };
		00BCFD0420B4F5FF000B7640 /* fitpolo701AncsModel.m */ = {isa = PBXFileReference; fileEncoding = 4; lastKnownFileType = sourcecode.c.objc; path = fitpolo701AncsModel.m; sourceTree = "<group>"; };
		00BCFD0520B4F5FF000B7640 /* fitpolo701ScanModel.h */ = {isa = PBXFileReference; fileEncoding = 4; lastKnownFileType = sourcecode.c.h; path = fitpolo701ScanModel.h; sourceTree = "<group>"; };
		00BCFD0620B4F5FF000B7640 /* fitpolo701ScanModel.m */ = {isa = PBXFileReference; fileEncoding = 4; lastKnownFileType = sourcecode.c.objc; path = fitpolo701ScanModel.m; sourceTree = "<group>"; };
		00BCFD0720B4F5FF000B7640 /* fitpolo701ScreenDisplayModel.h */ = {isa = PBXFileReference; fileEncoding = 4; lastKnownFileType = sourcecode.c.h; path = fitpolo701ScreenDisplayModel.h; sourceTree = "<group>"; };
		00BCFD0820B4F5FF000B7640 /* fitpolo701ScreenDisplayModel.m */ = {isa = PBXFileReference; fileEncoding = 4; lastKnownFileType = sourcecode.c.objc; path = fitpolo701ScreenDisplayModel.m; sourceTree = "<group>"; };
		00BCFD0A20B4F5FF000B7640 /* fitpolo701StatusMonitoringManager.h */ = {isa = PBXFileReference; fileEncoding = 4; lastKnownFileType = sourcecode.c.h; path = fitpolo701StatusMonitoringManager.h; sourceTree = "<group>"; };
		00BCFD0B20B4F5FF000B7640 /* fitpolo701StatusMonitoringManager.m */ = {isa = PBXFileReference; fileEncoding = 4; lastKnownFileType = sourcecode.c.objc; path = fitpolo701StatusMonitoringManager.m; sourceTree = "<group>"; };
		00BCFD0D20B4F5FF000B7640 /* fitpolo701Parser.h */ = {isa = PBXFileReference; fileEncoding = 4; lastKnownFileType = sourcecode.c.h; path = fitpolo701Parser.h; sourceTree = "<group>"; };
		00BCFD0E20B4F5FF000B7640 /* fitpolo701Parser.m */ = {isa = PBXFileReference; fileEncoding = 4; lastKnownFileType = sourcecode.c.objc; path = fitpolo701Parser.m; sourceTree = "<group>"; };
		00BCFD1020B4F5FF000B7640 /* fitpolo701PeripheralManager.h */ = {isa = PBXFileReference; fileEncoding = 4; lastKnownFileType = sourcecode.c.h; path = fitpolo701PeripheralManager.h; sourceTree = "<group>"; };
		00BCFD1120B4F5FF000B7640 /* fitpolo701PeripheralManager.m */ = {isa = PBXFileReference; fileEncoding = 4; lastKnownFileType = sourcecode.c.objc; path = fitpolo701PeripheralManager.m; sourceTree = "<group>"; };
		00BCFD1320B4F5FF000B7640 /* fitpolo701DataParser.h */ = {isa = PBXFileReference; fileEncoding = 4; lastKnownFileType = sourcecode.c.h; path = fitpolo701DataParser.h; sourceTree = "<group>"; };
		00BCFD1420B4F5FF000B7640 /* fitpolo701DataParser.m */ = {isa = PBXFileReference; fileEncoding = 4; lastKnownFileType = sourcecode.c.objc; path = fitpolo701DataParser.m; sourceTree = "<group>"; };
		00BCFD1520B4F5FF000B7640 /* fitpolo701OperationManager.h */ = {isa = PBXFileReference; fileEncoding = 4; lastKnownFileType = sourcecode.c.h; path = fitpolo701OperationManager.h; sourceTree = "<group>"; };
		00BCFD1620B4F5FF000B7640 /* fitpolo701OperationManager.m */ = {isa = PBXFileReference; fileEncoding = 4; lastKnownFileType = sourcecode.c.objc; path = fitpolo701OperationManager.m; sourceTree = "<group>"; };
		00BCFD1720B4F5FF000B7640 /* fitpolo701TaskIDDefines.h */ = {isa = PBXFileReference; fileEncoding = 4; lastKnownFileType = sourcecode.c.h; path = fitpolo701TaskIDDefines.h; sourceTree = "<group>"; };
		00BCFD1820B4F5FF000B7640 /* fitpolo701TaskOperation.h */ = {isa = PBXFileReference; fileEncoding = 4; lastKnownFileType = sourcecode.c.h; path = fitpolo701TaskOperation.h; sourceTree = "<group>"; };
		00BCFD1920B4F5FF000B7640 /* fitpolo701TaskOperation.m */ = {isa = PBXFileReference; fileEncoding = 4; lastKnownFileType = sourcecode.c.objc; path = fitpolo701TaskOperation.m; sourceTree = "<group>"; };
		00BCFD1B20B4F5FF000B7640 /* fitpolo701UpgradeManager.h */ = {isa = PBXFileReference; fileEncoding = 4; lastKnownFileType = sourcecode.c.h; path = fitpolo701UpgradeManager.h; sourceTree = "<group>"; };
		00BCFD1C20B4F5FF000B7640 /* fitpolo701UpgradeManager.m */ = {isa = PBXFileReference; fileEncoding = 4; lastKnownFileType = sourcecode.c.objc; path = fitpolo701UpgradeManager.m; sourceTree = "<group>"; };
		00BCFD2D20B4F656000B7640 /* HCKMainViewController.h */ = {isa = PBXFileReference; lastKnownFileType = sourcecode.c.h; path = HCKMainViewController.h; sourceTree = "<group>"; };
		00BCFD2E20B4F656000B7640 /* HCKMainViewController.m */ = {isa = PBXFileReference; lastKnownFileType = sourcecode.c.objc; path = HCKMainViewController.m; sourceTree = "<group>"; };
		00BCFD3020B50022000B7640 /* BORD_EE_01.bin */ = {isa = PBXFileReference; lastKnownFileType = archive.macbinary; path = BORD_EE_01.bin; sourceTree = "<group>"; };
/* End PBXFileReference section */

/* Begin PBXFrameworksBuildPhase section */
		00BCFCD020B4F56C000B7640 /* Frameworks */ = {
			isa = PBXFrameworksBuildPhase;
			buildActionMask = 2147483647;
			files = (
			);
			runOnlyForDeploymentPostprocessing = 0;
		};
/* End PBXFrameworksBuildPhase section */

/* Begin PBXGroup section */
		00BCFCCA20B4F56C000B7640 = {
			isa = PBXGroup;
			children = (
				00BCFCD520B4F56C000B7640 /* fitpolo701SDKDemo */,
				00BCFCD420B4F56C000B7640 /* Products */,
			);
			sourceTree = "<group>";
		};
		00BCFCD420B4F56C000B7640 /* Products */ = {
			isa = PBXGroup;
			children = (
				00BCFCD320B4F56C000B7640 /* fitpolo701SDKDemo.app */,
			);
			name = Products;
			sourceTree = "<group>";
		};
		00BCFCD520B4F56C000B7640 /* fitpolo701SDKDemo */ = {
			isa = PBXGroup;
			children = (
				00BCFD3020B50022000B7640 /* BORD_EE_01.bin */,
				00BCFCEC20B4F5FF000B7640 /* fitpolo701SDK */,
				00BCFCD620B4F56C000B7640 /* AppDelegate.h */,
				00BCFCD720B4F56C000B7640 /* AppDelegate.m */,
				00BCFCDF20B4F56C000B7640 /* Assets.xcassets */,
				00BCFCE420B4F56C000B7640 /* Info.plist */,
				00BCFCE520B4F56C000B7640 /* main.m */,
				00BCFD2D20B4F656000B7640 /* HCKMainViewController.h */,
				00BCFD2E20B4F656000B7640 /* HCKMainViewController.m */,
			);
			path = fitpolo701SDKDemo;
			sourceTree = "<group>";
		};
		00BCFCEC20B4F5FF000B7640 /* fitpolo701SDK */ = {
			isa = PBXGroup;
			children = (
				00BCFCED20B4F5FF000B7640 /* defines */,
				00BCFCF320B4F5FF000B7640 /* fitpolo701CentralManager.h */,
				00BCFCF420B4F5FF000B7640 /* fitpolo701CentralManager.m */,
				00BCFCF520B4F5FF000B7640 /* fitpolo701SDK.h */,
				00BCFCF620B4F5FF000B7640 /* Interface */,
				00BCFCFD20B4F5FF000B7640 /* log */,
				00BCFD0020B4F5FF000B7640 /* Models */,
				00BCFD0920B4F5FF000B7640 /* monitoring */,
				00BCFD0C20B4F5FF000B7640 /* Parser */,
				00BCFD0F20B4F5FF000B7640 /* PeripheralManager */,
				00BCFD1220B4F5FF000B7640 /* Tasks */,
				00BCFD1A20B4F5FF000B7640 /* Upgrade */,
			);
			path = fitpolo701SDK;
			sourceTree = "<group>";
		};
		00BCFCED20B4F5FF000B7640 /* defines */ = {
			isa = PBXGroup;
			children = (
				00BCFCEE20B4F5FF000B7640 /* fitpolo701BlockDefine.h */,
				00BCFCEF20B4F5FF000B7640 /* fitpolo701ConstDefines.h */,
				00BCFCF020B4F5FF000B7640 /* fitpolo701Defines.h */,
				00BCFCF120B4F5FF000B7640 /* fitpolo701EnumerateDefine.h */,
				00BCFCF220B4F5FF000B7640 /* fitpolo701RegularsDefine.h */,
			);
			path = defines;
			sourceTree = "<group>";
		};
		00BCFCF620B4F5FF000B7640 /* Interface */ = {
			isa = PBXGroup;
			children = (
				00BCFCF720B4F5FF000B7640 /* fitpolo701Interface+RequestData.h */,
				00BCFCF820B4F5FF000B7640 /* fitpolo701Interface+RequestData.m */,
				00BCFCF920B4F5FF000B7640 /* fitpolo701Interface+Update.h */,
				00BCFCFA20B4F5FF000B7640 /* fitpolo701Interface+Update.m */,
				00BCFCFB20B4F5FF000B7640 /* fitpolo701Interface.h */,
				00BCFCFC20B4F5FF000B7640 /* fitpolo701Interface.m */,
			);
			path = Interface;
			sourceTree = "<group>";
		};
		00BCFCFD20B4F5FF000B7640 /* log */ = {
			isa = PBXGroup;
			children = (
				00BCFCFE20B4F5FF000B7640 /* fitpolo701LogManager.h */,
				00BCFCFF20B4F5FF000B7640 /* fitpolo701LogManager.m */,
			);
			path = log;
			sourceTree = "<group>";
		};
		00BCFD0020B4F5FF000B7640 /* Models */ = {
			isa = PBXGroup;
			children = (
				00BCFD0120B4F5FF000B7640 /* fitpolo701AlarmClockModel.h */,
				00BCFD0220B4F5FF000B7640 /* fitpolo701AlarmClockModel.m */,
				00BCFD0320B4F5FF000B7640 /* fitpolo701AncsModel.h */,
				00BCFD0420B4F5FF000B7640 /* fitpolo701AncsModel.m */,
				00BCFD0520B4F5FF000B7640 /* fitpolo701ScanModel.h */,
				00BCFD0620B4F5FF000B7640 /* fitpolo701ScanModel.m */,
				00BCFD0720B4F5FF000B7640 /* fitpolo701ScreenDisplayModel.h */,
				00BCFD0820B4F5FF000B7640 /* fitpolo701ScreenDisplayModel.m */,
			);
			path = Models;
			sourceTree = "<group>";
		};
		00BCFD0920B4F5FF000B7640 /* monitoring */ = {
			isa = PBXGroup;
			children = (
				00BCFD0A20B4F5FF000B7640 /* fitpolo701StatusMonitoringManager.h */,
				00BCFD0B20B4F5FF000B7640 /* fitpolo701StatusMonitoringManager.m */,
			);
			path = monitoring;
			sourceTree = "<group>";
		};
		00BCFD0C20B4F5FF000B7640 /* Parser */ = {
			isa = PBXGroup;
			children = (
				00BCFD0D20B4F5FF000B7640 /* fitpolo701Parser.h */,
				00BCFD0E20B4F5FF000B7640 /* fitpolo701Parser.m */,
			);
			path = Parser;
			sourceTree = "<group>";
		};
		00BCFD0F20B4F5FF000B7640 /* PeripheralManager */ = {
			isa = PBXGroup;
			children = (
				00BCFD1020B4F5FF000B7640 /* fitpolo701PeripheralManager.h */,
				00BCFD1120B4F5FF000B7640 /* fitpolo701PeripheralManager.m */,
			);
			path = PeripheralManager;
			sourceTree = "<group>";
		};
		00BCFD1220B4F5FF000B7640 /* Tasks */ = {
			isa = PBXGroup;
			children = (
				00BCFD1320B4F5FF000B7640 /* fitpolo701DataParser.h */,
				00BCFD1420B4F5FF000B7640 /* fitpolo701DataParser.m */,
				00BCFD1520B4F5FF000B7640 /* fitpolo701OperationManager.h */,
				00BCFD1620B4F5FF000B7640 /* fitpolo701OperationManager.m */,
				00BCFD1720B4F5FF000B7640 /* fitpolo701TaskIDDefines.h */,
				00BCFD1820B4F5FF000B7640 /* fitpolo701TaskOperation.h */,
				00BCFD1920B4F5FF000B7640 /* fitpolo701TaskOperation.m */,
			);
			path = Tasks;
			sourceTree = "<group>";
		};
		00BCFD1A20B4F5FF000B7640 /* Upgrade */ = {
			isa = PBXGroup;
			children = (
				00BCFD1B20B4F5FF000B7640 /* fitpolo701UpgradeManager.h */,
				00BCFD1C20B4F5FF000B7640 /* fitpolo701UpgradeManager.m */,
			);
			path = Upgrade;
			sourceTree = "<group>";
		};
/* End PBXGroup section */

/* Begin PBXNativeTarget section */
		00BCFCD220B4F56C000B7640 /* fitpolo701SDKDemo */ = {
			isa = PBXNativeTarget;
			buildConfigurationList = 00BCFCE920B4F56C000B7640 /* Build configuration list for PBXNativeTarget "fitpolo701SDKDemo" */;
			buildPhases = (
				00BCFCCF20B4F56C000B7640 /* Sources */,
				00BCFCD020B4F56C000B7640 /* Frameworks */,
				00BCFCD120B4F56C000B7640 /* Resources */,
			);
			buildRules = (
			);
			dependencies = (
			);
			name = fitpolo701SDKDemo;
			productName = fitpolo701SDKDemo;
			productReference = 00BCFCD320B4F56C000B7640 /* fitpolo701SDKDemo.app */;
			productType = "com.apple.product-type.application";
		};
/* End PBXNativeTarget section */

/* Begin PBXProject section */
		00BCFCCB20B4F56C000B7640 /* Project object */ = {
			isa = PBXProject;
			attributes = {
				LastUpgradeCheck = 0920;
				ORGANIZATIONNAME = HCK;
				TargetAttributes = {
					00BCFCD220B4F56C000B7640 = {
						CreatedOnToolsVersion = 9.2;
						ProvisioningStyle = Automatic;
					};
				};
			};
			buildConfigurationList = 00BCFCCE20B4F56C000B7640 /* Build configuration list for PBXProject "fitpolo701SDKDemo" */;
			compatibilityVersion = "Xcode 8.0";
			developmentRegion = en;
			hasScannedForEncodings = 0;
			knownRegions = (
				en,
				Base,
			);
			mainGroup = 00BCFCCA20B4F56C000B7640;
			productRefGroup = 00BCFCD420B4F56C000B7640 /* Products */;
			projectDirPath = "";
			projectRoot = "";
			targets = (
				00BCFCD220B4F56C000B7640 /* fitpolo701SDKDemo */,
			);
		};
/* End PBXProject section */

/* Begin PBXResourcesBuildPhase section */
		00BCFCD120B4F56C000B7640 /* Resources */ = {
			isa = PBXResourcesBuildPhase;
			buildActionMask = 2147483647;
			files = (
				00BCFCE020B4F56C000B7640 /* Assets.xcassets in Resources */,
				00BCFD3120B50022000B7640 /* BORD_EE_01.bin in Resources */,
			);
			runOnlyForDeploymentPostprocessing = 0;
		};
/* End PBXResourcesBuildPhase section */

/* Begin PBXSourcesBuildPhase section */
		00BCFCCF20B4F56C000B7640 /* Sources */ = {
			isa = PBXSourcesBuildPhase;
			buildActionMask = 2147483647;
			files = (
				00BCFD1E20B4F5FF000B7640 /* fitpolo701Interface+RequestData.m in Sources */,
				00BCFD2420B4F600000B7640 /* fitpolo701ScanModel.m in Sources */,
				00BCFD1F20B4F5FF000B7640 /* fitpolo701Interface+Update.m in Sources */,
				00BCFD2C20B4F600000B7640 /* fitpolo701UpgradeManager.m in Sources */,
				00BCFCE620B4F56C000B7640 /* main.m in Sources */,
				00BCFD2520B4F600000B7640 /* fitpolo701ScreenDisplayModel.m in Sources */,
				00BCFCD820B4F56C000B7640 /* AppDelegate.m in Sources */,
				00BCFD2020B4F600000B7640 /* fitpolo701Interface.m in Sources */,
				00BCFD2920B4F600000B7640 /* fitpolo701DataParser.m in Sources */,
				00BCFD2A20B4F600000B7640 /* fitpolo701OperationManager.m in Sources */,
				00BCFD2220B4F600000B7640 /* fitpolo701AlarmClockModel.m in Sources */,
				00BCFD2820B4F600000B7640 /* fitpolo701PeripheralManager.m in Sources */,
				00BCFD2620B4F600000B7640 /* fitpolo701StatusMonitoringManager.m in Sources */,
				00BCFD1D20B4F5FF000B7640 /* fitpolo701CentralManager.m in Sources */,
				00BCFD2F20B4F656000B7640 /* HCKMainViewController.m in Sources */,
				00BCFD2720B4F600000B7640 /* fitpolo701Parser.m in Sources */,
				00BCFD2B20B4F600000B7640 /* fitpolo701TaskOperation.m in Sources */,
				00BCFD2320B4F600000B7640 /* fitpolo701AncsModel.m in Sources */,
				00BCFD2120B4F600000B7640 /* fitpolo701LogManager.m in Sources */,
			);
			runOnlyForDeploymentPostprocessing = 0;
		};
/* End PBXSourcesBuildPhase section */

/* Begin XCBuildConfiguration section */
		00BCFCE720B4F56C000B7640 /* Debug */ = {
			isa = XCBuildConfiguration;
			buildSettings = {
				ALWAYS_SEARCH_USER_PATHS = NO;
				CLANG_ANALYZER_NONNULL = YES;
				CLANG_ANALYZER_NUMBER_OBJECT_CONVERSION = YES_AGGRESSIVE;
				CLANG_CXX_LANGUAGE_STANDARD = "gnu++14";
				CLANG_CXX_LIBRARY = "libc++";
				CLANG_ENABLE_MODULES = YES;
				CLANG_ENABLE_OBJC_ARC = YES;
				CLANG_WARN_BLOCK_CAPTURE_AUTORELEASING = YES;
				CLANG_WARN_BOOL_CONVERSION = YES;
				CLANG_WARN_COMMA = YES;
				CLANG_WARN_CONSTANT_CONVERSION = YES;
				CLANG_WARN_DIRECT_OBJC_ISA_USAGE = YES_ERROR;
				CLANG_WARN_DOCUMENTATION_COMMENTS = YES;
				CLANG_WARN_EMPTY_BODY = YES;
				CLANG_WARN_ENUM_CONVERSION = YES;
				CLANG_WARN_INFINITE_RECURSION = YES;
				CLANG_WARN_INT_CONVERSION = YES;
				CLANG_WARN_NON_LITERAL_NULL_CONVERSION = YES;
				CLANG_WARN_OBJC_LITERAL_CONVERSION = YES;
				CLANG_WARN_OBJC_ROOT_CLASS = YES_ERROR;
				CLANG_WARN_RANGE_LOOP_ANALYSIS = YES;
				CLANG_WARN_STRICT_PROTOTYPES = YES;
				CLANG_WARN_SUSPICIOUS_MOVE = YES;
				CLANG_WARN_UNGUARDED_AVAILABILITY = YES_AGGRESSIVE;
				CLANG_WARN_UNREACHABLE_CODE = YES;
				CLANG_WARN__DUPLICATE_METHOD_MATCH = YES;
				CODE_SIGN_IDENTITY = "iPhone Developer";
				COPY_PHASE_STRIP = NO;
				DEBUG_INFORMATION_FORMAT = dwarf;
				ENABLE_STRICT_OBJC_MSGSEND = YES;
				ENABLE_TESTABILITY = YES;
				GCC_C_LANGUAGE_STANDARD = gnu11;
				GCC_DYNAMIC_NO_PIC = NO;
				GCC_NO_COMMON_BLOCKS = YES;
				GCC_OPTIMIZATION_LEVEL = 0;
				GCC_PREPROCESSOR_DEFINITIONS = (
					"DEBUG=1",
					"$(inherited)",
				);
				GCC_WARN_64_TO_32_BIT_CONVERSION = YES;
				GCC_WARN_ABOUT_RETURN_TYPE = YES_ERROR;
				GCC_WARN_UNDECLARED_SELECTOR = YES;
				GCC_WARN_UNINITIALIZED_AUTOS = YES_AGGRESSIVE;
				GCC_WARN_UNUSED_FUNCTION = YES;
				GCC_WARN_UNUSED_VARIABLE = YES;
				IPHONEOS_DEPLOYMENT_TARGET = 11.2;
				MTL_ENABLE_DEBUG_INFO = YES;
				ONLY_ACTIVE_ARCH = YES;
				SDKROOT = iphoneos;
			};
			name = Debug;
		};
		00BCFCE820B4F56C000B7640 /* Release */ = {
			isa = XCBuildConfiguration;
			buildSettings = {
				ALWAYS_SEARCH_USER_PATHS = NO;
				CLANG_ANALYZER_NONNULL = YES;
				CLANG_ANALYZER_NUMBER_OBJECT_CONVERSION = YES_AGGRESSIVE;
				CLANG_CXX_LANGUAGE_STANDARD = "gnu++14";
				CLANG_CXX_LIBRARY = "libc++";
				CLANG_ENABLE_MODULES = YES;
				CLANG_ENABLE_OBJC_ARC = YES;
				CLANG_WARN_BLOCK_CAPTURE_AUTORELEASING = YES;
				CLANG_WARN_BOOL_CONVERSION = YES;
				CLANG_WARN_COMMA = YES;
				CLANG_WARN_CONSTANT_CONVERSION = YES;
				CLANG_WARN_DIRECT_OBJC_ISA_USAGE = YES_ERROR;
				CLANG_WARN_DOCUMENTATION_COMMENTS = YES;
				CLANG_WARN_EMPTY_BODY = YES;
				CLANG_WARN_ENUM_CONVERSION = YES;
				CLANG_WARN_INFINITE_RECURSION = YES;
				CLANG_WARN_INT_CONVERSION = YES;
				CLANG_WARN_NON_LITERAL_NULL_CONVERSION = YES;
				CLANG_WARN_OBJC_LITERAL_CONVERSION = YES;
				CLANG_WARN_OBJC_ROOT_CLASS = YES_ERROR;
				CLANG_WARN_RANGE_LOOP_ANALYSIS = YES;
				CLANG_WARN_STRICT_PROTOTYPES = YES;
				CLANG_WARN_SUSPICIOUS_MOVE = YES;
				CLANG_WARN_UNGUARDED_AVAILABILITY = YES_AGGRESSIVE;
				CLANG_WARN_UNREACHABLE_CODE = YES;
				CLANG_WARN__DUPLICATE_METHOD_MATCH = YES;
				CODE_SIGN_IDENTITY = "iPhone Developer";
				COPY_PHASE_STRIP = NO;
				DEBUG_INFORMATION_FORMAT = "dwarf-with-dsym";
				ENABLE_NS_ASSERTIONS = NO;
				ENABLE_STRICT_OBJC_MSGSEND = YES;
				GCC_C_LANGUAGE_STANDARD = gnu11;
				GCC_NO_COMMON_BLOCKS = YES;
				GCC_WARN_64_TO_32_BIT_CONVERSION = YES;
				GCC_WARN_ABOUT_RETURN_TYPE = YES_ERROR;
				GCC_WARN_UNDECLARED_SELECTOR = YES;
				GCC_WARN_UNINITIALIZED_AUTOS = YES_AGGRESSIVE;
				GCC_WARN_UNUSED_FUNCTION = YES;
				GCC_WARN_UNUSED_VARIABLE = YES;
				IPHONEOS_DEPLOYMENT_TARGET = 11.2;
				MTL_ENABLE_DEBUG_INFO = NO;
				SDKROOT = iphoneos;
				VALIDATE_PRODUCT = YES;
			};
			name = Release;
		};
		00BCFCEA20B4F56C000B7640 /* Debug */ = {
			isa = XCBuildConfiguration;
			buildSettings = {
				ASSETCATALOG_COMPILER_APPICON_NAME = AppIcon;
				CODE_SIGN_STYLE = Automatic;
				DEVELOPMENT_TEAM = TYTPVLJ5LD;
				INFOPLIST_FILE = fitpolo701SDKDemo/Info.plist;
				IPHONEOS_DEPLOYMENT_TARGET = 8.0;
				LD_RUNPATH_SEARCH_PATHS = "$(inherited) @executable_path/Frameworks";
				PRODUCT_BUNDLE_IDENTIFIER = com.moko.fitpolo701SDKDemo;
				PRODUCT_NAME = "$(TARGET_NAME)";
				TARGETED_DEVICE_FAMILY = 1;
			};
			name = Debug;
		};
		00BCFCEB20B4F56C000B7640 /* Release */ = {
			isa = XCBuildConfiguration;
			buildSettings = {
				ASSETCATALOG_COMPILER_APPICON_NAME = AppIcon;
				CODE_SIGN_STYLE = Automatic;
				DEVELOPMENT_TEAM = TYTPVLJ5LD;
				INFOPLIST_FILE = fitpolo701SDKDemo/Info.plist;
				IPHONEOS_DEPLOYMENT_TARGET = 8.0;
				LD_RUNPATH_SEARCH_PATHS = "$(inherited) @executable_path/Frameworks";
				PRODUCT_BUNDLE_IDENTIFIER = com.moko.fitpolo701SDKDemo;
				PRODUCT_NAME = "$(TARGET_NAME)";
				TARGETED_DEVICE_FAMILY = 1;
			};
			name = Release;
		};
/* End XCBuildConfiguration section */

/* Begin XCConfigurationList section */
		00BCFCCE20B4F56C000B7640 /* Build configuration list for PBXProject "fitpolo701SDKDemo" */ = {
			isa = XCConfigurationList;
			buildConfigurations = (
				00BCFCE720B4F56C000B7640 /* Debug */,
				00BCFCE820B4F56C000B7640 /* Release */,
			);
			defaultConfigurationIsVisible = 0;
			defaultConfigurationName = Release;
		};
		00BCFCE920B4F56C000B7640 /* Build configuration list for PBXNativeTarget "fitpolo701SDKDemo" */ = {
			isa = XCConfigurationList;
			buildConfigurations = (
				00BCFCEA20B4F56C000B7640 /* Debug */,
				00BCFCEB20B4F56C000B7640 /* Release */,
			);
			defaultConfigurationIsVisible = 0;
			defaultConfigurationName = Release;
		};
/* End XCConfigurationList section */
	};
	rootObject = 00BCFCCB20B4F56C000B7640 /* Project object */;
}
